// !$*UTF8*$!
{
	archiveVersion = 1;
	classes = {
	};
	objectVersion = 63;
	objects = {

/* Begin PBXBuildFile section */
		2503E8AC2BF66B58008D33F2 /* HomeViewModel.swift in Sources */ = {isa = PBXBuildFile; fileRef = 2503E8AB2BF66B58008D33F2 /* HomeViewModel.swift */; };
		2503E8B12BF69930008D33F2 /* AlertItem.swift in Sources */ = {isa = PBXBuildFile; fileRef = 2503E8B02BF69930008D33F2 /* AlertItem.swift */; };
		2503E8B32BF699F9008D33F2 /* LoadingViewModel.swift in Sources */ = {isa = PBXBuildFile; fileRef = 2503E8B22BF699F9008D33F2 /* LoadingViewModel.swift */; };
		2503E8B52BF69BC4008D33F2 /* Queue.swift in Sources */ = {isa = PBXBuildFile; fileRef = 2503E8B42BF69BC4008D33F2 /* Queue.swift */; };
		2503E8B72BF6B4D5008D33F2 /* Nodes.swift in Sources */ = {isa = PBXBuildFile; fileRef = 2503E8B62BF6B4D5008D33F2 /* Nodes.swift */; };
		2503E8BE2BF6BE38008D33F2 /* MenuView.swift in Sources */ = {isa = PBXBuildFile; fileRef = 2503E8BD2BF6BE38008D33F2 /* MenuView.swift */; };
		2503E8C02BF6BE5B008D33F2 /* CountdownView.swift in Sources */ = {isa = PBXBuildFile; fileRef = 2503E8BF2BF6BE5B008D33F2 /* CountdownView.swift */; };
		2503E8C22BF6BE91008D33F2 /* GameView.swift in Sources */ = {isa = PBXBuildFile; fileRef = 2503E8C12BF6BE91008D33F2 /* GameView.swift */; };
		2503E8C52BF6BEF9008D33F2 /* Controller.swift in Sources */ = {isa = PBXBuildFile; fileRef = 2503E8C42BF6BEF9008D33F2 /* Controller.swift */; };
		2503EA692C14D252008D33F2 /* InstrumentUtils.swift in Sources */ = {isa = PBXBuildFile; fileRef = 2503EA682C14D252008D33F2 /* InstrumentUtils.swift */; };
		2534BEF52A887A8000073F24 /* HomeView.swift in Sources */ = {isa = PBXBuildFile; fileRef = 2534BEF42A887A8000073F24 /* HomeView.swift */; };
		2534BEF72A887B4F00073F24 /* LoadingView.swift in Sources */ = {isa = PBXBuildFile; fileRef = 2534BEF62A887B4F00073F24 /* LoadingView.swift */; };
		253558AB2C28B5CF00B26D77 /* Font.swift in Sources */ = {isa = PBXBuildFile; fileRef = 253558AA2C28B5CF00B26D77 /* Font.swift */; };
		253558B12C29431B00B26D77 /* NoteVisualizer.swift in Sources */ = {isa = PBXBuildFile; fileRef = 253558B02C29431B00B26D77 /* NoteVisualizer.swift */; };
		253B3EC62A608A0400566287 /* DrumApp.swift in Sources */ = {isa = PBXBuildFile; fileRef = 253B3EC52A608A0400566287 /* DrumApp.swift */; };
		253B3ECA2A608A0500566287 /* Assets.xcassets in Resources */ = {isa = PBXBuildFile; fileRef = 253B3EC92A608A0500566287 /* Assets.xcassets */; };
		253B3ECD2A608A0500566287 /* Preview Assets.xcassets in Resources */ = {isa = PBXBuildFile; fileRef = 253B3ECC2A608A0500566287 /* Preview Assets.xcassets */; };
		253B3ED72A608A0600566287 /* Drum_AppTests.swift in Sources */ = {isa = PBXBuildFile; fileRef = 253B3ED62A608A0600566287 /* Drum_AppTests.swift */; };
		253B3EE12A608A0600566287 /* Drum_AppUITests.swift in Sources */ = {isa = PBXBuildFile; fileRef = 253B3EE02A608A0600566287 /* Drum_AppUITests.swift */; };
		253B3EE32A608A0600566287 /* Drum_AppUITestsLaunchTests.swift in Sources */ = {isa = PBXBuildFile; fileRef = 253B3EE22A608A0600566287 /* Drum_AppUITestsLaunchTests.swift */; };
		253B3EF02A608A6300566287 /* Upload_File.swift in Sources */ = {isa = PBXBuildFile; fileRef = 253B3EEF2A608A6300566287 /* Upload_File.swift */; };
		257359702A64C7A300D9D536 /* MIDIParser.swift in Sources */ = {isa = PBXBuildFile; fileRef = 2573596F2A64C7A300D9D536 /* MIDIParser.swift */; };
		258157E52A9493470053C7D3 /* DequeModule in Frameworks */ = {isa = PBXBuildFile; productRef = 258157E42A9493470053C7D3 /* DequeModule */; };
		25E22F632A7597DD00030B56 /* Smells_Like_Teen_Spirit_.mid in Resources */ = {isa = PBXBuildFile; fileRef = 25E22F622A7597DD00030B56 /* Smells_Like_Teen_Spirit_.mid */; };
		25E7B2E32A71BEDB007635FE /* testing.swift in Sources */ = {isa = PBXBuildFile; fileRef = 25E7B2E22A71BEDB007635FE /* testing.swift */; };
		25E7B2E52A7311D5007635FE /* BackwardStream.swift in Sources */ = {isa = PBXBuildFile; fileRef = 25E7B2E42A7311D5007635FE /* BackwardStream.swift */; };
/* End PBXBuildFile section */

/* Begin PBXContainerItemProxy section */
		253B3ED32A608A0600566287 /* PBXContainerItemProxy */ = {
			isa = PBXContainerItemProxy;
			containerPortal = 253B3EBA2A608A0400566287 /* Project object */;
			proxyType = 1;
			remoteGlobalIDString = 253B3EC12A608A0400566287;
			remoteInfo = "Drum App";
		};
		253B3EDD2A608A0600566287 /* PBXContainerItemProxy */ = {
			isa = PBXContainerItemProxy;
			containerPortal = 253B3EBA2A608A0400566287 /* Project object */;
			proxyType = 1;
			remoteGlobalIDString = 253B3EC12A608A0400566287;
			remoteInfo = "Drum App";
		};
/* End PBXContainerItemProxy section */

/* Begin PBXFileReference section */
		2503E8AB2BF66B58008D33F2 /* HomeViewModel.swift */ = {isa = PBXFileReference; lastKnownFileType = sourcecode.swift; path = HomeViewModel.swift; sourceTree = "<group>"; };
		2503E8B02BF69930008D33F2 /* AlertItem.swift */ = {isa = PBXFileReference; lastKnownFileType = sourcecode.swift; path = AlertItem.swift; sourceTree = "<group>"; };
		2503E8B22BF699F9008D33F2 /* LoadingViewModel.swift */ = {isa = PBXFileReference; lastKnownFileType = sourcecode.swift; path = LoadingViewModel.swift; sourceTree = "<group>"; };
		2503E8B42BF69BC4008D33F2 /* Queue.swift */ = {isa = PBXFileReference; lastKnownFileType = sourcecode.swift; path = Queue.swift; sourceTree = "<group>"; };
		2503E8B62BF6B4D5008D33F2 /* Nodes.swift */ = {isa = PBXFileReference; lastKnownFileType = sourcecode.swift; path = Nodes.swift; sourceTree = "<group>"; };
		2503E8BD2BF6BE38008D33F2 /* MenuView.swift */ = {isa = PBXFileReference; lastKnownFileType = sourcecode.swift; path = MenuView.swift; sourceTree = "<group>"; };
		2503E8BF2BF6BE5B008D33F2 /* CountdownView.swift */ = {isa = PBXFileReference; lastKnownFileType = sourcecode.swift; path = CountdownView.swift; sourceTree = "<group>"; };
		2503E8C12BF6BE91008D33F2 /* GameView.swift */ = {isa = PBXFileReference; lastKnownFileType = sourcecode.swift; path = GameView.swift; sourceTree = "<group>"; };
		2503E8C42BF6BEF9008D33F2 /* Controller.swift */ = {isa = PBXFileReference; lastKnownFileType = sourcecode.swift; path = Controller.swift; sourceTree = "<group>"; };
		2503EA682C14D252008D33F2 /* InstrumentUtils.swift */ = {isa = PBXFileReference; lastKnownFileType = sourcecode.swift; path = InstrumentUtils.swift; sourceTree = "<group>"; };
		2534BEF42A887A8000073F24 /* HomeView.swift */ = {isa = PBXFileReference; lastKnownFileType = sourcecode.swift; path = HomeView.swift; sourceTree = "<group>"; };
		2534BEF62A887B4F00073F24 /* LoadingView.swift */ = {isa = PBXFileReference; lastKnownFileType = sourcecode.swift; path = LoadingView.swift; sourceTree = "<group>"; };
		253558AA2C28B5CF00B26D77 /* Font.swift */ = {isa = PBXFileReference; lastKnownFileType = sourcecode.swift; path = Font.swift; sourceTree = "<group>"; };
		253558B02C29431B00B26D77 /* NoteVisualizer.swift */ = {isa = PBXFileReference; lastKnownFileType = sourcecode.swift; path = NoteVisualizer.swift; sourceTree = "<group>"; };
		253558B22C29470300B26D77 /* Drum-App-Info.plist */ = {isa = PBXFileReference; lastKnownFileType = text.plist; path = "Drum-App-Info.plist"; sourceTree = SOURCE_ROOT; };
		253B3EC22A608A0400566287 /* Drum App.app */ = {isa = PBXFileReference; explicitFileType = wrapper.application; includeInIndex = 0; path = "Drum App.app"; sourceTree = BUILT_PRODUCTS_DIR; };
		253B3EC52A608A0400566287 /* DrumApp.swift */ = {isa = PBXFileReference; lastKnownFileType = sourcecode.swift; path = DrumApp.swift; sourceTree = "<group>"; };
		253B3EC92A608A0500566287 /* Assets.xcassets */ = {isa = PBXFileReference; lastKnownFileType = folder.assetcatalog; path = Assets.xcassets; sourceTree = "<group>"; };
		253B3ECC2A608A0500566287 /* Preview Assets.xcassets */ = {isa = PBXFileReference; lastKnownFileType = folder.assetcatalog; path = "Preview Assets.xcassets"; sourceTree = "<group>"; };
		253B3ED22A608A0600566287 /* Drum AppTests.xctest */ = {isa = PBXFileReference; explicitFileType = wrapper.cfbundle; includeInIndex = 0; path = "Drum AppTests.xctest"; sourceTree = BUILT_PRODUCTS_DIR; };
		253B3ED62A608A0600566287 /* Drum_AppTests.swift */ = {isa = PBXFileReference; lastKnownFileType = sourcecode.swift; path = Drum_AppTests.swift; sourceTree = "<group>"; };
		253B3EDC2A608A0600566287 /* Drum AppUITests.xctest */ = {isa = PBXFileReference; explicitFileType = wrapper.cfbundle; includeInIndex = 0; path = "Drum AppUITests.xctest"; sourceTree = BUILT_PRODUCTS_DIR; };
		253B3EE02A608A0600566287 /* Drum_AppUITests.swift */ = {isa = PBXFileReference; lastKnownFileType = sourcecode.swift; path = Drum_AppUITests.swift; sourceTree = "<group>"; };
		253B3EE22A608A0600566287 /* Drum_AppUITestsLaunchTests.swift */ = {isa = PBXFileReference; lastKnownFileType = sourcecode.swift; path = Drum_AppUITestsLaunchTests.swift; sourceTree = "<group>"; };
		253B3EEF2A608A6300566287 /* Upload_File.swift */ = {isa = PBXFileReference; lastKnownFileType = sourcecode.swift; path = Upload_File.swift; sourceTree = "<group>"; };
		2573596F2A64C7A300D9D536 /* MIDIParser.swift */ = {isa = PBXFileReference; lastKnownFileType = sourcecode.swift; path = MIDIParser.swift; sourceTree = "<group>"; };
		25E22F622A7597DD00030B56 /* Smells_Like_Teen_Spirit_.mid */ = {isa = PBXFileReference; lastKnownFileType = audio.midi; path = Smells_Like_Teen_Spirit_.mid; sourceTree = SOURCE_ROOT; };
		25E7B2E22A71BEDB007635FE /* testing.swift */ = {isa = PBXFileReference; lastKnownFileType = sourcecode.swift; path = testing.swift; sourceTree = "<group>"; };
		25E7B2E42A7311D5007635FE /* BackwardStream.swift */ = {isa = PBXFileReference; lastKnownFileType = sourcecode.swift; path = BackwardStream.swift; sourceTree = "<group>"; };
/* End PBXFileReference section */

/* Begin PBXFrameworksBuildPhase section */
		253B3EBF2A608A0400566287 /* Frameworks */ = {
			isa = PBXFrameworksBuildPhase;
			buildActionMask = 2147483647;
			files = (
				258157E52A9493470053C7D3 /* DequeModule in Frameworks */,
			);
			runOnlyForDeploymentPostprocessing = 0;
		};
		253B3ECF2A608A0600566287 /* Frameworks */ = {
			isa = PBXFrameworksBuildPhase;
			buildActionMask = 2147483647;
			files = (
			);
			runOnlyForDeploymentPostprocessing = 0;
		};
		253B3ED92A608A0600566287 /* Frameworks */ = {
			isa = PBXFrameworksBuildPhase;
			buildActionMask = 2147483647;
			files = (
			);
			runOnlyForDeploymentPostprocessing = 0;
		};
/* End PBXFrameworksBuildPhase section */

/* Begin PBXGroup section */
		2503E8AA2BF66B29008D33F2 /* HomeView */ = {
			isa = PBXGroup;
			children = (
				2534BEF42A887A8000073F24 /* HomeView.swift */,
				2503E8AB2BF66B58008D33F2 /* HomeViewModel.swift */,
			);
			path = HomeView;
			sourceTree = "<group>";
		};
		2503E8AD2BF67E3C008D33F2 /* LoadingView */ = {
			isa = PBXGroup;
			children = (
				2534BEF62A887B4F00073F24 /* LoadingView.swift */,
				2503E8B22BF699F9008D33F2 /* LoadingViewModel.swift */,
			);
			path = LoadingView;
			sourceTree = "<group>";
		};
		2503E8AE2BF698FB008D33F2 /* Views */ = {
			isa = PBXGroup;
			children = (
				2503E8BC2BF6BE26008D33F2 /* MenuView */,
				2503E8BB2BF6BE1A008D33F2 /* CountdownView */,
				2503E8BA2BF6BE12008D33F2 /* GameView */,
				2503E8AA2BF66B29008D33F2 /* HomeView */,
				2503E8AD2BF67E3C008D33F2 /* LoadingView */,
				2503E8C42BF6BEF9008D33F2 /* Controller.swift */,
			);
			path = Views;
			sourceTree = "<group>";
		};
		2503E8AF2BF69913008D33F2 /* Utilities */ = {
			isa = PBXGroup;
			children = (
				253B3EEF2A608A6300566287 /* Upload_File.swift */,
				2573596F2A64C7A300D9D536 /* MIDIParser.swift */,
				25E7B2E42A7311D5007635FE /* BackwardStream.swift */,
				2503E8B02BF69930008D33F2 /* AlertItem.swift */,
				2503E8B42BF69BC4008D33F2 /* Queue.swift */,
				2503E8B62BF6B4D5008D33F2 /* Nodes.swift */,
				2503EA682C14D252008D33F2 /* InstrumentUtils.swift */,
				253558AA2C28B5CF00B26D77 /* Font.swift */,
				253558B02C29431B00B26D77 /* NoteVisualizer.swift */,
			);
			path = Utilities;
			sourceTree = "<group>";
		};
		2503E8BA2BF6BE12008D33F2 /* GameView */ = {
			isa = PBXGroup;
			children = (
				2503E8C12BF6BE91008D33F2 /* GameView.swift */,
			);
			path = GameView;
			sourceTree = "<group>";
		};
		2503E8BB2BF6BE1A008D33F2 /* CountdownView */ = {
			isa = PBXGroup;
			children = (
				2503E8BF2BF6BE5B008D33F2 /* CountdownView.swift */,
			);
			path = CountdownView;
			sourceTree = "<group>";
		};
		2503E8BC2BF6BE26008D33F2 /* MenuView */ = {
			isa = PBXGroup;
			children = (
				2503E8BD2BF6BE38008D33F2 /* MenuView.swift */,
			);
			path = MenuView;
			sourceTree = "<group>";
		};
		253B3EB92A608A0400566287 = {
			isa = PBXGroup;
			children = (
				253B3ED52A608A0600566287 /* Drum AppTests */,
				253B3EC42A608A0400566287 /* Drum App */,
				253B3EDF2A608A0600566287 /* Drum AppUITests */,
				253B3EC32A608A0400566287 /* Products */,
			);
			sourceTree = "<group>";
		};
		253B3EC32A608A0400566287 /* Products */ = {
			isa = PBXGroup;
			children = (
				253B3EC22A608A0400566287 /* Drum App.app */,
				253B3ED22A608A0600566287 /* Drum AppTests.xctest */,
				253B3EDC2A608A0600566287 /* Drum AppUITests.xctest */,
			);
			name = Products;
			sourceTree = "<group>";
		};
		253B3EC42A608A0400566287 /* Drum App */ = {
			isa = PBXGroup;
			children = (
				253558B22C29470300B26D77 /* Drum-App-Info.plist */,
				2503E8AF2BF69913008D33F2 /* Utilities */,
				2503E8AE2BF698FB008D33F2 /* Views */,
				253B3EC52A608A0400566287 /* DrumApp.swift */,
				253B3EC92A608A0500566287 /* Assets.xcassets */,
				253B3ECB2A608A0500566287 /* Preview Content */,
				25E7B2E22A71BEDB007635FE /* testing.swift */,
			);
			path = "Drum App";
			sourceTree = "<group>";
		};
		253B3ECB2A608A0500566287 /* Preview Content */ = {
			isa = PBXGroup;
			children = (
				253B3ECC2A608A0500566287 /* Preview Assets.xcassets */,
			);
			path = "Preview Content";
			sourceTree = "<group>";
		};
		253B3ED52A608A0600566287 /* Drum AppTests */ = {
			isa = PBXGroup;
			children = (
				25E22F622A7597DD00030B56 /* Smells_Like_Teen_Spirit_.mid */,
				253B3ED62A608A0600566287 /* Drum_AppTests.swift */,
			);
			path = "Drum AppTests";
			sourceTree = "<group>";
		};
		253B3EDF2A608A0600566287 /* Drum AppUITests */ = {
			isa = PBXGroup;
			children = (
				253B3EE22A608A0600566287 /* Drum_AppUITestsLaunchTests.swift */,
				253B3EE02A608A0600566287 /* Drum_AppUITests.swift */,
			);
			path = "Drum AppUITests";
			sourceTree = "<group>";
		};
/* End PBXGroup section */

/* Begin PBXNativeTarget section */
		253B3EC12A608A0400566287 /* Drum App */ = {
			isa = PBXNativeTarget;
			buildConfigurationList = 253B3EE62A608A0600566287 /* Build configuration list for PBXNativeTarget "Drum App" */;
			buildPhases = (
				253B3EBE2A608A0400566287 /* Sources */,
				253B3EBF2A608A0400566287 /* Frameworks */,
				253B3EC02A608A0400566287 /* Resources */,
			);
			buildRules = (
			);
			dependencies = (
			);
			name = "Drum App";
			packageProductDependencies = (
				258157E42A9493470053C7D3 /* DequeModule */,
			);
			productName = "Drum App";
			productReference = 253B3EC22A608A0400566287 /* Drum App.app */;
			productType = "com.apple.product-type.application";
		};
		253B3ED12A608A0600566287 /* Drum AppTests */ = {
			isa = PBXNativeTarget;
			buildConfigurationList = 253B3EE92A608A0600566287 /* Build configuration list for PBXNativeTarget "Drum AppTests" */;
			buildPhases = (
				253B3ECE2A608A0600566287 /* Sources */,
				253B3ECF2A608A0600566287 /* Frameworks */,
				253B3ED02A608A0600566287 /* Resources */,
			);
			buildRules = (
			);
			dependencies = (
				253B3ED42A608A0600566287 /* PBXTargetDependency */,
			);
			name = "Drum AppTests";
			productName = "Drum AppTests";
			productReference = 253B3ED22A608A0600566287 /* Drum AppTests.xctest */;
			productType = "com.apple.product-type.bundle.unit-test";
		};
		253B3EDB2A608A0600566287 /* Drum AppUITests */ = {
			isa = PBXNativeTarget;
			buildConfigurationList = 253B3EEC2A608A0600566287 /* Build configuration list for PBXNativeTarget "Drum AppUITests" */;
			buildPhases = (
				253B3ED82A608A0600566287 /* Sources */,
				253B3ED92A608A0600566287 /* Frameworks */,
				253B3EDA2A608A0600566287 /* Resources */,
			);
			buildRules = (
			);
			dependencies = (
				253B3EDE2A608A0600566287 /* PBXTargetDependency */,
			);
			name = "Drum AppUITests";
			productName = "Drum AppUITests";
			productReference = 253B3EDC2A608A0600566287 /* Drum AppUITests.xctest */;
			productType = "com.apple.product-type.bundle.ui-testing";
		};
/* End PBXNativeTarget section */

/* Begin PBXProject section */
		253B3EBA2A608A0400566287 /* Project object */ = {
			isa = PBXProject;
			attributes = {
				BuildIndependentTargetsInParallel = 1;
				LastSwiftUpdateCheck = 1320;
				LastUpgradeCheck = 1320;
				TargetAttributes = {
					253B3EC12A608A0400566287 = {
						CreatedOnToolsVersion = 13.2.1;
					};
					253B3ED12A608A0600566287 = {
						CreatedOnToolsVersion = 13.2.1;
						TestTargetID = 253B3EC12A608A0400566287;
					};
					253B3EDB2A608A0600566287 = {
						CreatedOnToolsVersion = 13.2.1;
						TestTargetID = 253B3EC12A608A0400566287;
					};
				};
			};
			buildConfigurationList = 253B3EBD2A608A0400566287 /* Build configuration list for PBXProject "Drum App" */;
			compatibilityVersion = "Xcode 15.3";
			developmentRegion = en;
			hasScannedForEncodings = 0;
			knownRegions = (
				en,
				Base,
			);
			mainGroup = 253B3EB92A608A0400566287;
			packageReferences = (
				258157E32A9493470053C7D3 /* XCRemoteSwiftPackageReference "swift-collections" */,
			);
			productRefGroup = 253B3EC32A608A0400566287 /* Products */;
			projectDirPath = "";
			projectRoot = "";
			targets = (
				253B3EC12A608A0400566287 /* Drum App */,
				253B3ED12A608A0600566287 /* Drum AppTests */,
				253B3EDB2A608A0600566287 /* Drum AppUITests */,
			);
		};
/* End PBXProject section */

/* Begin PBXResourcesBuildPhase section */
		253B3EC02A608A0400566287 /* Resources */ = {
			isa = PBXResourcesBuildPhase;
			buildActionMask = 2147483647;
			files = (
				253B3ECD2A608A0500566287 /* Preview Assets.xcassets in Resources */,
				253B3ECA2A608A0500566287 /* Assets.xcassets in Resources */,
			);
			runOnlyForDeploymentPostprocessing = 0;
		};
		253B3ED02A608A0600566287 /* Resources */ = {
			isa = PBXResourcesBuildPhase;
			buildActionMask = 2147483647;
			files = (
				25E22F632A7597DD00030B56 /* Smells_Like_Teen_Spirit_.mid in Resources */,
			);
			runOnlyForDeploymentPostprocessing = 0;
		};
		253B3EDA2A608A0600566287 /* Resources */ = {
			isa = PBXResourcesBuildPhase;
			buildActionMask = 2147483647;
			files = (
			);
			runOnlyForDeploymentPostprocessing = 0;
		};
/* End PBXResourcesBuildPhase section */

/* Begin PBXSourcesBuildPhase section */
		253B3EBE2A608A0400566287 /* Sources */ = {
			isa = PBXSourcesBuildPhase;
			buildActionMask = 2147483647;
			files = (
				2503E8B12BF69930008D33F2 /* AlertItem.swift in Sources */,
				253B3EF02A608A6300566287 /* Upload_File.swift in Sources */,
				2503E8C22BF6BE91008D33F2 /* GameView.swift in Sources */,
				253558AB2C28B5CF00B26D77 /* Font.swift in Sources */,
				2503E8B52BF69BC4008D33F2 /* Queue.swift in Sources */,
				2503E8AC2BF66B58008D33F2 /* HomeViewModel.swift in Sources */,
				257359702A64C7A300D9D536 /* MIDIParser.swift in Sources */,
				25E7B2E52A7311D5007635FE /* BackwardStream.swift in Sources */,
				2503E8C52BF6BEF9008D33F2 /* Controller.swift in Sources */,
				2503E8BE2BF6BE38008D33F2 /* MenuView.swift in Sources */,
				2534BEF52A887A8000073F24 /* HomeView.swift in Sources */,
				25E7B2E32A71BEDB007635FE /* testing.swift in Sources */,
				2503EA692C14D252008D33F2 /* InstrumentUtils.swift in Sources */,
				2503E8C02BF6BE5B008D33F2 /* CountdownView.swift in Sources */,
				253B3EC62A608A0400566287 /* DrumApp.swift in Sources */,
				253558B12C29431B00B26D77 /* NoteVisualizer.swift in Sources */,
				2503E8B72BF6B4D5008D33F2 /* Nodes.swift in Sources */,
				2534BEF72A887B4F00073F24 /* LoadingView.swift in Sources */,
				2503E8B32BF699F9008D33F2 /* LoadingViewModel.swift in Sources */,
			);
			runOnlyForDeploymentPostprocessing = 0;
		};
		253B3ECE2A608A0600566287 /* Sources */ = {
			isa = PBXSourcesBuildPhase;
			buildActionMask = 2147483647;
			files = (
				253B3ED72A608A0600566287 /* Drum_AppTests.swift in Sources */,
			);
			runOnlyForDeploymentPostprocessing = 0;
		};
		253B3ED82A608A0600566287 /* Sources */ = {
			isa = PBXSourcesBuildPhase;
			buildActionMask = 2147483647;
			files = (
				253B3EE32A608A0600566287 /* Drum_AppUITestsLaunchTests.swift in Sources */,
				253B3EE12A608A0600566287 /* Drum_AppUITests.swift in Sources */,
			);
			runOnlyForDeploymentPostprocessing = 0;
		};
/* End PBXSourcesBuildPhase section */

/* Begin PBXTargetDependency section */
		253B3ED42A608A0600566287 /* PBXTargetDependency */ = {
			isa = PBXTargetDependency;
			target = 253B3EC12A608A0400566287 /* Drum App */;
			targetProxy = 253B3ED32A608A0600566287 /* PBXContainerItemProxy */;
		};
		253B3EDE2A608A0600566287 /* PBXTargetDependency */ = {
			isa = PBXTargetDependency;
			target = 253B3EC12A608A0400566287 /* Drum App */;
			targetProxy = 253B3EDD2A608A0600566287 /* PBXContainerItemProxy */;
		};
/* End PBXTargetDependency section */

/* Begin XCBuildConfiguration section */
		253B3EE42A608A0600566287 /* Debug */ = {
			isa = XCBuildConfiguration;
			buildSettings = {
				ALWAYS_SEARCH_USER_PATHS = NO;
				CLANG_ANALYZER_NONNULL = YES;
				CLANG_ANALYZER_NUMBER_OBJECT_CONVERSION = YES_AGGRESSIVE;
				CLANG_CXX_LANGUAGE_STANDARD = "gnu++17";
				CLANG_CXX_LIBRARY = "libc++";
				CLANG_ENABLE_MODULES = YES;
				CLANG_ENABLE_OBJC_ARC = YES;
				CLANG_ENABLE_OBJC_WEAK = YES;
				CLANG_WARN_BLOCK_CAPTURE_AUTORELEASING = YES;
				CLANG_WARN_BOOL_CONVERSION = YES;
				CLANG_WARN_COMMA = YES;
				CLANG_WARN_CONSTANT_CONVERSION = YES;
				CLANG_WARN_DEPRECATED_OBJC_IMPLEMENTATIONS = YES;
				CLANG_WARN_DIRECT_OBJC_ISA_USAGE = YES_ERROR;
				CLANG_WARN_DOCUMENTATION_COMMENTS = YES;
				CLANG_WARN_EMPTY_BODY = YES;
				CLANG_WARN_ENUM_CONVERSION = YES;
				CLANG_WARN_INFINITE_RECURSION = YES;
				CLANG_WARN_INT_CONVERSION = YES;
				CLANG_WARN_NON_LITERAL_NULL_CONVERSION = YES;
				CLANG_WARN_OBJC_IMPLICIT_RETAIN_SELF = YES;
				CLANG_WARN_OBJC_LITERAL_CONVERSION = YES;
				CLANG_WARN_OBJC_ROOT_CLASS = YES_ERROR;
				CLANG_WARN_QUOTED_INCLUDE_IN_FRAMEWORK_HEADER = YES;
				CLANG_WARN_RANGE_LOOP_ANALYSIS = YES;
				CLANG_WARN_STRICT_PROTOTYPES = YES;
				CLANG_WARN_SUSPICIOUS_MOVE = YES;
				CLANG_WARN_UNGUARDED_AVAILABILITY = YES_AGGRESSIVE;
				CLANG_WARN_UNREACHABLE_CODE = YES;
				CLANG_WARN__DUPLICATE_METHOD_MATCH = YES;
				COPY_PHASE_STRIP = NO;
				DEBUG_INFORMATION_FORMAT = dwarf;
				ENABLE_STRICT_OBJC_MSGSEND = YES;
				ENABLE_TESTABILITY = YES;
				GCC_C_LANGUAGE_STANDARD = gnu11;
				GCC_DYNAMIC_NO_PIC = NO;
				GCC_NO_COMMON_BLOCKS = YES;
				GCC_OPTIMIZATION_LEVEL = 0;
				GCC_PREPROCESSOR_DEFINITIONS = (
					"DEBUG=1",
					"$(inherited)",
				);
				GCC_WARN_64_TO_32_BIT_CONVERSION = YES;
				GCC_WARN_ABOUT_RETURN_TYPE = YES_ERROR;
				GCC_WARN_UNDECLARED_SELECTOR = YES;
				GCC_WARN_UNINITIALIZED_AUTOS = YES_AGGRESSIVE;
				GCC_WARN_UNUSED_FUNCTION = YES;
				GCC_WARN_UNUSED_VARIABLE = YES;
				IPHONEOS_DEPLOYMENT_TARGET = 15.2;
				MTL_ENABLE_DEBUG_INFO = INCLUDE_SOURCE;
				MTL_FAST_MATH = YES;
				ONLY_ACTIVE_ARCH = YES;
				SDKROOT = iphoneos;
				SWIFT_ACTIVE_COMPILATION_CONDITIONS = DEBUG;
				SWIFT_OPTIMIZATION_LEVEL = "-Onone";
			};
			name = Debug;
		};
		253B3EE52A608A0600566287 /* Release */ = {
			isa = XCBuildConfiguration;
			buildSettings = {
				ALWAYS_SEARCH_USER_PATHS = NO;
				CLANG_ANALYZER_NONNULL = YES;
				CLANG_ANALYZER_NUMBER_OBJECT_CONVERSION = YES_AGGRESSIVE;
				CLANG_CXX_LANGUAGE_STANDARD = "gnu++17";
				CLANG_CXX_LIBRARY = "libc++";
				CLANG_ENABLE_MODULES = YES;
				CLANG_ENABLE_OBJC_ARC = YES;
				CLANG_ENABLE_OBJC_WEAK = YES;
				CLANG_WARN_BLOCK_CAPTURE_AUTORELEASING = YES;
				CLANG_WARN_BOOL_CONVERSION = YES;
				CLANG_WARN_COMMA = YES;
				CLANG_WARN_CONSTANT_CONVERSION = YES;
				CLANG_WARN_DEPRECATED_OBJC_IMPLEMENTATIONS = YES;
				CLANG_WARN_DIRECT_OBJC_ISA_USAGE = YES_ERROR;
				CLANG_WARN_DOCUMENTATION_COMMENTS = YES;
				CLANG_WARN_EMPTY_BODY = YES;
				CLANG_WARN_ENUM_CONVERSION = YES;
				CLANG_WARN_INFINITE_RECURSION = YES;
				CLANG_WARN_INT_CONVERSION = YES;
				CLANG_WARN_NON_LITERAL_NULL_CONVERSION = YES;
				CLANG_WARN_OBJC_IMPLICIT_RETAIN_SELF = YES;
				CLANG_WARN_OBJC_LITERAL_CONVERSION = YES;
				CLANG_WARN_OBJC_ROOT_CLASS = YES_ERROR;
				CLANG_WARN_QUOTED_INCLUDE_IN_FRAMEWORK_HEADER = YES;
				CLANG_WARN_RANGE_LOOP_ANALYSIS = YES;
				CLANG_WARN_STRICT_PROTOTYPES = YES;
				CLANG_WARN_SUSPICIOUS_MOVE = YES;
				CLANG_WARN_UNGUARDED_AVAILABILITY = YES_AGGRESSIVE;
				CLANG_WARN_UNREACHABLE_CODE = YES;
				CLANG_WARN__DUPLICATE_METHOD_MATCH = YES;
				COPY_PHASE_STRIP = NO;
				DEBUG_INFORMATION_FORMAT = "dwarf-with-dsym";
				ENABLE_NS_ASSERTIONS = NO;
				ENABLE_STRICT_OBJC_MSGSEND = YES;
				GCC_C_LANGUAGE_STANDARD = gnu11;
				GCC_NO_COMMON_BLOCKS = YES;
				GCC_WARN_64_TO_32_BIT_CONVERSION = YES;
				GCC_WARN_ABOUT_RETURN_TYPE = YES_ERROR;
				GCC_WARN_UNDECLARED_SELECTOR = YES;
				GCC_WARN_UNINITIALIZED_AUTOS = YES_AGGRESSIVE;
				GCC_WARN_UNUSED_FUNCTION = YES;
				GCC_WARN_UNUSED_VARIABLE = YES;
				IPHONEOS_DEPLOYMENT_TARGET = 15.2;
				MTL_ENABLE_DEBUG_INFO = NO;
				MTL_FAST_MATH = YES;
				SDKROOT = iphoneos;
				SWIFT_COMPILATION_MODE = wholemodule;
				SWIFT_OPTIMIZATION_LEVEL = "-O";
				VALIDATE_PRODUCT = YES;
			};
			name = Release;
		};
		253B3EE72A608A0600566287 /* Debug */ = {
			isa = XCBuildConfiguration;
			buildSettings = {
				ASSETCATALOG_COMPILER_APPICON_NAME = AppIcon;
				ASSETCATALOG_COMPILER_GLOBAL_ACCENT_COLOR_NAME = AccentColor;
				CODE_SIGN_STYLE = Automatic;
				CURRENT_PROJECT_VERSION = 1;
				DEVELOPMENT_ASSET_PATHS = "\"Drum App/Preview Content\"";
				DEVELOPMENT_TEAM = LA74DB9X89;
				ENABLE_PREVIEWS = NO;
				GENERATE_INFOPLIST_FILE = YES;
				INFOPLIST_FILE = "Drum-App-Info.plist";
				INFOPLIST_KEY_UIApplicationSceneManifest_Generation = YES;
				INFOPLIST_KEY_UIApplicationSupportsIndirectInputEvents = YES;
				INFOPLIST_KEY_UILaunchScreen_Generation = YES;
				INFOPLIST_KEY_UILaunchStoryboardName = Main;
				INFOPLIST_KEY_UIRequiresFullScreen = YES;
				INFOPLIST_KEY_UISupportedInterfaceOrientations = UIInterfaceOrientationLandscapeLeft;
				INFOPLIST_KEY_UISupportedInterfaceOrientations_iPad = "UIInterfaceOrientationLandscapeLeft UIInterfaceOrientationLandscapeRight UIInterfaceOrientationPortrait UIInterfaceOrientationPortraitUpsideDown";
				INFOPLIST_PREPROCESS = YES;
				LD_RUNPATH_SEARCH_PATHS = (
					"$(inherited)",
					"@executable_path/Frameworks",
				);
				MARKETING_VERSION = 1.0;
				PRODUCT_BUNDLE_IDENTIFIER = "personal.Drum-App";
				PRODUCT_NAME = "$(TARGET_NAME)";
				SWIFT_EMIT_LOC_STRINGS = YES;
				SWIFT_VERSION = 5.0;
				TARGETED_DEVICE_FAMILY = 1;
			};
			name = Debug;
		};
		253B3EE82A608A0600566287 /* Release */ = {
			isa = XCBuildConfiguration;
			buildSettings = {
				ASSETCATALOG_COMPILER_APPICON_NAME = AppIcon;
				ASSETCATALOG_COMPILER_GLOBAL_ACCENT_COLOR_NAME = AccentColor;
				CODE_SIGN_STYLE = Automatic;
				CURRENT_PROJECT_VERSION = 1;
				DEVELOPMENT_ASSET_PATHS = "\"Drum App/Preview Content\"";
				DEVELOPMENT_TEAM = LA74DB9X89;
				ENABLE_PREVIEWS = NO;
				GENERATE_INFOPLIST_FILE = YES;
				INFOPLIST_FILE = "Drum-App-Info.plist";
				INFOPLIST_KEY_UIApplicationSceneManifest_Generation = YES;
				INFOPLIST_KEY_UIApplicationSupportsIndirectInputEvents = YES;
				INFOPLIST_KEY_UILaunchScreen_Generation = YES;
				INFOPLIST_KEY_UILaunchStoryboardName = Main;
				INFOPLIST_KEY_UIRequiresFullScreen = YES;
				INFOPLIST_KEY_UISupportedInterfaceOrientations = UIInterfaceOrientationLandscapeLeft;
				INFOPLIST_KEY_UISupportedInterfaceOrientations_iPad = "UIInterfaceOrientationLandscapeLeft UIInterfaceOrientationLandscapeRight UIInterfaceOrientationPortrait UIInterfaceOrientationPortraitUpsideDown";
				INFOPLIST_PREPROCESS = YES;
				LD_RUNPATH_SEARCH_PATHS = (
					"$(inherited)",
					"@executable_path/Frameworks",
				);
				MARKETING_VERSION = 1.0;
				PRODUCT_BUNDLE_IDENTIFIER = "personal.Drum-App";
				PRODUCT_NAME = "$(TARGET_NAME)";
				SWIFT_EMIT_LOC_STRINGS = YES;
				SWIFT_VERSION = 5.0;
				TARGETED_DEVICE_FAMILY = 1;
			};
			name = Release;
		};
		253B3EEA2A608A0600566287 /* Debug */ = {
			isa = XCBuildConfiguration;
			buildSettings = {
				ALWAYS_EMBED_SWIFT_STANDARD_LIBRARIES = YES;
				BUNDLE_LOADER = "$(TEST_HOST)";
				CODE_SIGN_STYLE = Automatic;
				CURRENT_PROJECT_VERSION = 1;
				GENERATE_INFOPLIST_FILE = YES;
				IPHONEOS_DEPLOYMENT_TARGET = 15.2;
				MARKETING_VERSION = 1.0;
				PRODUCT_BUNDLE_IDENTIFIER = "personal.Drum-AppTests";
				PRODUCT_NAME = "$(TARGET_NAME)";
				SWIFT_EMIT_LOC_STRINGS = NO;
				SWIFT_VERSION = 5.0;
				TARGETED_DEVICE_FAMILY = "1,2";
				TEST_HOST = "$(BUILT_PRODUCTS_DIR)/Drum App.app/Drum App";
			};
			name = Debug;
		};
		253B3EEB2A608A0600566287 /* Release */ = {
			isa = XCBuildConfiguration;
			buildSettings = {
				ALWAYS_EMBED_SWIFT_STANDARD_LIBRARIES = YES;
				BUNDLE_LOADER = "$(TEST_HOST)";
				CODE_SIGN_STYLE = Automatic;
				CURRENT_PROJECT_VERSION = 1;
				GENERATE_INFOPLIST_FILE = YES;
				IPHONEOS_DEPLOYMENT_TARGET = 15.2;
				MARKETING_VERSION = 1.0;
				PRODUCT_BUNDLE_IDENTIFIER = "personal.Drum-AppTests";
				PRODUCT_NAME = "$(TARGET_NAME)";
				SWIFT_EMIT_LOC_STRINGS = NO;
				SWIFT_VERSION = 5.0;
				TARGETED_DEVICE_FAMILY = "1,2";
				TEST_HOST = "$(BUILT_PRODUCTS_DIR)/Drum App.app/Drum App";
			};
			name = Release;
		};
		253B3EED2A608A0600566287 /* Debug */ = {
			isa = XCBuildConfiguration;
			buildSettings = {
				ALWAYS_EMBED_SWIFT_STANDARD_LIBRARIES = YES;
				CODE_SIGN_STYLE = Automatic;
				CURRENT_PROJECT_VERSION = 1;
				GENERATE_INFOPLIST_FILE = YES;
				MARKETING_VERSION = 1.0;
				PRODUCT_BUNDLE_IDENTIFIER = "personal.Drum-AppUITests";
				PRODUCT_NAME = "$(TARGET_NAME)";
				SWIFT_EMIT_LOC_STRINGS = NO;
				SWIFT_VERSION = 5.0;
				TARGETED_DEVICE_FAMILY = "1,2";
				TEST_TARGET_NAME = "Drum App";
			};
			name = Debug;
		};
		253B3EEE2A608A0600566287 /* Release */ = {
			isa = XCBuildConfiguration;
			buildSettings = {
				ALWAYS_EMBED_SWIFT_STANDARD_LIBRARIES = YES;
				CODE_SIGN_STYLE = Automatic;
				CURRENT_PROJECT_VERSION = 1;
				GENERATE_INFOPLIST_FILE = YES;
				MARKETING_VERSION = 1.0;
				PRODUCT_BUNDLE_IDENTIFIER = "personal.Drum-AppUITests";
				PRODUCT_NAME = "$(TARGET_NAME)";
				SWIFT_EMIT_LOC_STRINGS = NO;
				SWIFT_VERSION = 5.0;
				TARGETED_DEVICE_FAMILY = "1,2";
				TEST_TARGET_NAME = "Drum App";
			};
			name = Release;
		};
/* End XCBuildConfiguration section */

/* Begin XCConfigurationList section */
		253B3EBD2A608A0400566287 /* Build configuration list for PBXProject "Drum App" */ = {
			isa = XCConfigurationList;
			buildConfigurations = (
				253B3EE42A608A0600566287 /* Debug */,
				253B3EE52A608A0600566287 /* Release */,
			);
			defaultConfigurationIsVisible = 0;
			defaultConfigurationName = Release;
		};
		253B3EE62A608A0600566287 /* Build configuration list for PBXNativeTarget "Drum App" */ = {
			isa = XCConfigurationList;
			buildConfigurations = (
				253B3EE72A608A0600566287 /* Debug */,
				253B3EE82A608A0600566287 /* Release */,
			);
			defaultConfigurationIsVisible = 0;
			defaultConfigurationName = Release;
		};
		253B3EE92A608A0600566287 /* Build configuration list for PBXNativeTarget "Drum AppTests" */ = {
			isa = XCConfigurationList;
			buildConfigurations = (
				253B3EEA2A608A0600566287 /* Debug */,
				253B3EEB2A608A0600566287 /* Release */,
			);
			defaultConfigurationIsVisible = 0;
			defaultConfigurationName = Release;
		};
		253B3EEC2A608A0600566287 /* Build configuration list for PBXNativeTarget "Drum AppUITests" */ = {
			isa = XCConfigurationList;
			buildConfigurations = (
				253B3EED2A608A0600566287 /* Debug */,
				253B3EEE2A608A0600566287 /* Release */,
			);
			defaultConfigurationIsVisible = 0;
			defaultConfigurationName = Release;
		};
/* End XCConfigurationList section */

/* Begin XCRemoteSwiftPackageReference section */
		258157E32A9493470053C7D3 /* XCRemoteSwiftPackageReference "swift-collections" */ = {
			isa = XCRemoteSwiftPackageReference;
			repositoryURL = "https://github.com/apple/swift-collections.git";
			requirement = {
				kind = upToNextMajorVersion;
				minimumVersion = 1.0.0;
			};
		};
/* End XCRemoteSwiftPackageReference section */

/* Begin XCSwiftPackageProductDependency section */
		258157E42A9493470053C7D3 /* DequeModule */ = {
			isa = XCSwiftPackageProductDependency;
			package = 258157E32A9493470053C7D3 /* XCRemoteSwiftPackageReference "swift-collections" */;
			productName = DequeModule;
		};
/* End XCSwiftPackageProductDependency section */
	};
	rootObject = 253B3EBA2A608A0400566287 /* Project object */;
}
